
Microsoft Visual Studio Solution File, Format Version 12.00
# Visual Studio Version 16
VisualStudioVersion = 16.0.31729.503
MinimumVisualStudioVersion = 10.0.40219.1
Project("{FAE04EC0-301F-11D3-BF4B-00C04F79EFBC}") = "Timer", "Timer.csproj", "{3053391D-65F9-4723-ABE9-8EC4B2684C0B}"
EndProject
Global
	GlobalSection(SolutionConfigurationPlatforms) = preSolution
		Debug|Any CPU = Debug|Any CPU
		Release|Any CPU = Release|Any CPU
	EndGlobalSection
	GlobalSection(ProjectConfigurationPlatforms) = postSolution
		{3053391D-65F9-4723-ABE9-8EC4B2684C0B}.Debug|Any CPU.ActiveCfg = Debug|Any CPU
		{3053391D-65F9-4723-ABE9-8EC4B2684C0B}.Debug|Any CPU.Build.0 = Debug|Any CPU
		{3053391D-65F9-4723-ABE9-8EC4B2684C0B}.Release|Any CPU.ActiveCfg = Release|Any CPU
		{3053391D-65F9-4723-ABE9-8EC4B2684C0B}.Release|Any CPU.Build.0 = Release|Any CPU
	EndGlobalSection
	GlobalSection(SolutionProperties) = preSolution
		HideSolutionNode = FALSE
	EndGlobalSection
	GlobalSection(ExtensibilityGlobals) = postSolution
		SolutionGuid = {7976EC0F-DFD8-497F-827B-0E7C4008ED83}
	EndGlobalSection
EndGlobal
